
Microsoft Visual Studio Solution File, Format Version 12.00
# Visual Studio Version 17
VisualStudioVersion = 17.6.33723.286
MinimumVisualStudioVersion = 10.0.40219.1
Project("{FAE04EC0-301F-11D3-BF4B-00C04F79EFBC}") = "AudioFileCalibrationTool", "Audio File Calibration Tool\AudioFileCalibrationTool.csproj", "{080DCD48-F2CD-47C0-A2C1-78A2B68CC4A4}"
EndProject
Global
	GlobalSection(SolutionConfigurationPlatforms) = preSolution
		Debug|Any CPU = Debug|Any CPU
		Release|Any CPU = Release|Any CPU
	EndGlobalSection
	GlobalSection(ProjectConfigurationPlatforms) = postSolution
		{080DCD48-F2CD-47C0-A2C1-78A2B68CC4A4}.Debug|Any CPU.ActiveCfg = Debug|Any CPU
		{080DCD48-F2CD-47C0-A2C1-78A2B68CC4A4}.Debug|Any CPU.Build.0 = Debug|Any CPU
		{080DCD48-F2CD-47C0-A2C1-78A2B68CC4A4}.Release|Any CPU.ActiveCfg = Release|Any CPU
		{080DCD48-F2CD-47C0-A2C1-78A2B68CC4A4}.Release|Any CPU.Build.0 = Release|Any CPU
	EndGlobalSection
	GlobalSection(SolutionProperties) = preSolution
		HideSolutionNode = FALSE
	EndGlobalSection
	GlobalSection(ExtensibilityGlobals) = postSolution
		SolutionGuid = {9697F40C-8C81-4C59-B05C-FC11E758E599}
	EndGlobalSection
EndGlobal
